
Microsoft Visual Studio Solution File, Format Version 12.00
# Visual Studio 15
VisualStudioVersion = 15.0.28307.1259
MinimumVisualStudioVersion = 10.0.40219.1
Project("{FAE04EC0-301F-11D3-BF4B-00C04F79EFBC}") = "LeagueTable", "LeagueTable\LeagueTable.csproj", "{A3C4D120-FDEF-4967-AACE-109CFF5666A0}"
EndProject
Global
	GlobalSection(SolutionConfigurationPlatforms) = preSolution
		Debug|Any CPU = Debug|Any CPU
		Release|Any CPU = Release|Any CPU
	EndGlobalSection
	GlobalSection(ProjectConfigurationPlatforms) = postSolution
		{A3C4D120-FDEF-4967-AACE-109CFF5666A0}.Debug|Any CPU.ActiveCfg = Debug|Any CPU
		{A3C4D120-FDEF-4967-AACE-109CFF5666A0}.Debug|Any CPU.Build.0 = Debug|Any CPU
		{A3C4D120-FDEF-4967-AACE-109CFF5666A0}.Release|Any CPU.ActiveCfg = Release|Any CPU
		{A3C4D120-FDEF-4967-AACE-109CFF5666A0}.Release|Any CPU.Build.0 = Release|Any CPU
	EndGlobalSection
	GlobalSection(SolutionProperties) = preSolution
		HideSolutionNode = FALSE
	EndGlobalSection
	GlobalSection(ExtensibilityGlobals) = postSolution
		SolutionGuid = {4CC510C2-EF24-49AD-9B00-814F75458986}
	EndGlobalSection
EndGlobal
